
Microsoft Visual Studio Solution File, Format Version 12.00
# Visual Studio Version 16
VisualStudioVersion = 16.0.30717.126
MinimumVisualStudioVersion = 10.0.40219.1
Project("{FAE04EC0-301F-11D3-BF4B-00C04F79EFBC}") = "BindingsGenerator", "BindingsGenerator\BindingsGenerator.csproj", "{80CDA3B0-6152-4596-9E6C-1595E8835C59}"
EndProject
Project("{2150E333-8FDC-42A3-9474-1A3956D46DE8}") = "Tools", "Tools", "{A5883EDE-5C9E-46EA-BC24-76FDA8849DEF}"
EndProject
Project("{9A19103F-16F7-4668-BE54-9A1E7A4F7556}") = "VesselAssetProcessor", "VesselAssetProcessor\VesselAssetProcessor.csproj", "{328FCB9C-79AA-44C2-8F64-8294254AAD05}"
EndProject
Project("{9A19103F-16F7-4668-BE54-9A1E7A4F7556}") = "VesselSandbox", "VesselSandbox\VesselSandbox.csproj", "{411B7744-014A-460D-BE77-DEB16C89DD3F}"
EndProject
Project("{9A19103F-16F7-4668-BE54-9A1E7A4F7556}") = "Vessel", "Vessel\Vessel.csproj", "{970F562F-9442-4499-86B2-CF2900F5FF41}"
EndProject
Project("{9A19103F-16F7-4668-BE54-9A1E7A4F7556}") = "VesselShaderCompiler", "VesselShaderCompiler\VesselShaderCompiler.csproj", "{29D719C4-CE4C-425E-8389-34FE1BA10E43}"
EndProject
Project("{9A19103F-16F7-4668-BE54-9A1E7A4F7556}") = "Veldrid", "veldrid\src\Veldrid\Veldrid.csproj", "{0EEFF7D3-0C4E-49E3-B77E-937AB12B2032}"
EndProject
Project("{2150E333-8FDC-42A3-9474-1A3956D46DE8}") = "vendor", "vendor", "{8B301FA8-CDBF-48E4-9CF6-7B89F5501150}"
EndProject
Project("{2150E333-8FDC-42A3-9474-1A3956D46DE8}") = "Veldrid", "Veldrid", "{EEE085BF-87D5-49BB-A1ED-76BE1B62E9FE}"
EndProject
Project("{9A19103F-16F7-4668-BE54-9A1E7A4F7556}") = "Veldrid.ImageSharp", "veldrid\src\Veldrid.ImageSharp\Veldrid.ImageSharp.csproj", "{9F06208A-BBF0-4C0C-B128-92380E0F2E51}"
EndProject
Project("{9A19103F-16F7-4668-BE54-9A1E7A4F7556}") = "Veldrid.ImGui", "veldrid\src\Veldrid.ImGui\Veldrid.ImGui.csproj", "{6D1CC483-571A-4D32-95B7-BAAA3F06EDB3}"
EndProject
Project("{9A19103F-16F7-4668-BE54-9A1E7A4F7556}") = "Veldrid.MetalBindings", "veldrid\src\Veldrid.MetalBindings\Veldrid.MetalBindings.csproj", "{B36E83F9-139C-44D1-BAAA-3B4AFFF12BCB}"
EndProject
Project("{9A19103F-16F7-4668-BE54-9A1E7A4F7556}") = "Veldrid.OpenGLBindings", "veldrid\src\Veldrid.OpenGLBindings\Veldrid.OpenGLBindings.csproj", "{6CAB0F32-8F19-4CB0-BEAC-AA3B5529BFAB}"
EndProject
Project("{9A19103F-16F7-4668-BE54-9A1E7A4F7556}") = "Veldrid.RenderDoc", "veldrid\src\Veldrid.RenderDoc\Veldrid.RenderDoc.csproj", "{4B741B26-EE43-4E06-9DDD-FFDF0D8F200D}"
EndProject
Project("{9A19103F-16F7-4668-BE54-9A1E7A4F7556}") = "Veldrid.SDL2", "veldrid\src\Veldrid.SDL2\Veldrid.SDL2.csproj", "{25908CD5-36BA-4904-8088-A3CF07C72C8E}"
EndProject
Project("{9A19103F-16F7-4668-BE54-9A1E7A4F7556}") = "Veldrid.StartupUtilities", "veldrid\src\Veldrid.StartupUtilities\Veldrid.StartupUtilities.csproj", "{B231DB28-3CFD-4C5D-A944-8F8DE10AA872}"
EndProject
Project("{9A19103F-16F7-4668-BE54-9A1E7A4F7556}") = "Veldrid.Utilities", "veldrid\src\Veldrid.Utilities\Veldrid.Utilities.csproj", "{3D491F46-AB05-4EA6-A0C0-2C1724D108A0}"
EndProject
Project("{9A19103F-16F7-4668-BE54-9A1E7A4F7556}") = "Veldrid.VirtualReality", "veldrid\src\Veldrid.VirtualReality\Veldrid.VirtualReality.csproj", "{41783CA2-EFED-41AA-A4C7-BD474769C430}"
EndProject
Global
	GlobalSection(SolutionConfigurationPlatforms) = preSolution
		Debug|Any CPU = Debug|Any CPU
		Debug|x64 = Debug|x64
		Debug|x86 = Debug|x86
		Release|Any CPU = Release|Any CPU
		Release|x64 = Release|x64
		Release|x86 = Release|x86
	EndGlobalSection
	GlobalSection(ProjectConfigurationPlatforms) = postSolution
		{80CDA3B0-6152-4596-9E6C-1595E8835C59}.Debug|Any CPU.ActiveCfg = Debug|Any CPU
		{80CDA3B0-6152-4596-9E6C-1595E8835C59}.Debug|x64.ActiveCfg = Debug|x64
		{80CDA3B0-6152-4596-9E6C-1595E8835C59}.Debug|x86.ActiveCfg = Debug|x86
		{80CDA3B0-6152-4596-9E6C-1595E8835C59}.Release|Any CPU.ActiveCfg = Release|Any CPU
		{80CDA3B0-6152-4596-9E6C-1595E8835C59}.Release|x64.ActiveCfg = Release|x64
		{80CDA3B0-6152-4596-9E6C-1595E8835C59}.Release|x86.ActiveCfg = Release|x86
		{328FCB9C-79AA-44C2-8F64-8294254AAD05}.Debug|Any CPU.ActiveCfg = Debug|Any CPU
		{328FCB9C-79AA-44C2-8F64-8294254AAD05}.Debug|Any CPU.Build.0 = Debug|Any CPU
		{328FCB9C-79AA-44C2-8F64-8294254AAD05}.Debug|x64.ActiveCfg = Debug|x64
		{328FCB9C-79AA-44C2-8F64-8294254AAD05}.Debug|x64.Build.0 = Debug|x64
		{328FCB9C-79AA-44C2-8F64-8294254AAD05}.Debug|x86.ActiveCfg = Debug|x86
		{328FCB9C-79AA-44C2-8F64-8294254AAD05}.Debug|x86.Build.0 = Debug|x86
		{328FCB9C-79AA-44C2-8F64-8294254AAD05}.Release|Any CPU.ActiveCfg = Release|Any CPU
		{328FCB9C-79AA-44C2-8F64-8294254AAD05}.Release|Any CPU.Build.0 = Release|Any CPU
		{328FCB9C-79AA-44C2-8F64-8294254AAD05}.Release|x64.ActiveCfg = Release|x64
		{328FCB9C-79AA-44C2-8F64-8294254AAD05}.Release|x64.Build.0 = Release|x64
		{328FCB9C-79AA-44C2-8F64-8294254AAD05}.Release|x86.ActiveCfg = Release|x86
		{328FCB9C-79AA-44C2-8F64-8294254AAD05}.Release|x86.Build.0 = Release|x86
		{411B7744-014A-460D-BE77-DEB16C89DD3F}.Debug|Any CPU.ActiveCfg = Debug|Any CPU
		{411B7744-014A-460D-BE77-DEB16C89DD3F}.Debug|Any CPU.Build.0 = Debug|Any CPU
		{411B7744-014A-460D-BE77-DEB16C89DD3F}.Debug|x64.ActiveCfg = Debug|x64
		{411B7744-014A-460D-BE77-DEB16C89DD3F}.Debug|x64.Build.0 = Debug|x64
		{411B7744-014A-460D-BE77-DEB16C89DD3F}.Debug|x86.ActiveCfg = Debug|x86
		{411B7744-014A-460D-BE77-DEB16C89DD3F}.Debug|x86.Build.0 = Debug|x86
		{411B7744-014A-460D-BE77-DEB16C89DD3F}.Release|Any CPU.ActiveCfg = Release|Any CPU
		{411B7744-014A-460D-BE77-DEB16C89DD3F}.Release|Any CPU.Build.0 = Release|Any CPU
		{411B7744-014A-460D-BE77-DEB16C89DD3F}.Release|x64.ActiveCfg = Release|x64
		{411B7744-014A-460D-BE77-DEB16C89DD3F}.Release|x64.Build.0 = Release|x64
		{411B7744-014A-460D-BE77-DEB16C89DD3F}.Release|x86.ActiveCfg = Release|x86
		{411B7744-014A-460D-BE77-DEB16C89DD3F}.Release|x86.Build.0 = Release|x86
		{970F562F-9442-4499-86B2-CF2900F5FF41}.Debug|Any CPU.ActiveCfg = Debug|Any CPU
		{970F562F-9442-4499-86B2-CF2900F5FF41}.Debug|Any CPU.Build.0 = Debug|Any CPU
		{970F562F-9442-4499-86B2-CF2900F5FF41}.Debug|x64.ActiveCfg = Debug|x64
		{970F562F-9442-4499-86B2-CF2900F5FF41}.Debug|x64.Build.0 = Debug|x64
		{970F562F-9442-4499-86B2-CF2900F5FF41}.Debug|x86.ActiveCfg = Debug|x86
		{970F562F-9442-4499-86B2-CF2900F5FF41}.Debug|x86.Build.0 = Debug|x86
		{970F562F-9442-4499-86B2-CF2900F5FF41}.Release|Any CPU.ActiveCfg = Release|Any CPU
		{970F562F-9442-4499-86B2-CF2900F5FF41}.Release|Any CPU.Build.0 = Release|Any CPU
		{970F562F-9442-4499-86B2-CF2900F5FF41}.Release|x64.ActiveCfg = Release|x64
		{970F562F-9442-4499-86B2-CF2900F5FF41}.Release|x64.Build.0 = Release|x64
		{970F562F-9442-4499-86B2-CF2900F5FF41}.Release|x86.ActiveCfg = Release|x86
		{970F562F-9442-4499-86B2-CF2900F5FF41}.Release|x86.Build.0 = Release|x86
		{29D719C4-CE4C-425E-8389-34FE1BA10E43}.Debug|Any CPU.ActiveCfg = Debug|Any CPU
		{29D719C4-CE4C-425E-8389-34FE1BA10E43}.Debug|Any CPU.Build.0 = Debug|Any CPU
		{29D719C4-CE4C-425E-8389-34FE1BA10E43}.Debug|x64.ActiveCfg = Debug|Any CPU
		{29D719C4-CE4C-425E-8389-34FE1BA10E43}.Debug|x64.Build.0 = Debug|Any CPU
		{29D719C4-CE4C-425E-8389-34FE1BA10E43}.Debug|x86.ActiveCfg = Debug|Any CPU
		{29D719C4-CE4C-425E-8389-34FE1BA10E43}.Debug|x86.Build.0 = Debug|Any CPU
		{29D719C4-CE4C-425E-8389-34FE1BA10E43}.Release|Any CPU.ActiveCfg = Release|Any CPU
		{29D719C4-CE4C-425E-8389-34FE1BA10E43}.Release|Any CPU.Build.0 = Release|Any CPU
		{29D719C4-CE4C-425E-8389-34FE1BA10E43}.Release|x64.ActiveCfg = Release|Any CPU
		{29D719C4-CE4C-425E-8389-34FE1BA10E43}.Release|x64.Build.0 = Release|Any CPU
		{29D719C4-CE4C-425E-8389-34FE1BA10E43}.Release|x86.ActiveCfg = Release|Any CPU
		{29D719C4-CE4C-425E-8389-34FE1BA10E43}.Release|x86.Build.0 = Release|Any CPU
		{0EEFF7D3-0C4E-49E3-B77E-937AB12B2032}.Debug|Any CPU.ActiveCfg = Debug|Any CPU
		{0EEFF7D3-0C4E-49E3-B77E-937AB12B2032}.Debug|Any CPU.Build.0 = Debug|Any CPU
		{0EEFF7D3-0C4E-49E3-B77E-937AB12B2032}.Debug|x64.ActiveCfg = Debug|Any CPU
		{0EEFF7D3-0C4E-49E3-B77E-937AB12B2032}.Debug|x64.Build.0 = Debug|Any CPU
		{0EEFF7D3-0C4E-49E3-B77E-937AB12B2032}.Debug|x86.ActiveCfg = Debug|Any CPU
		{0EEFF7D3-0C4E-49E3-B77E-937AB12B2032}.Debug|x86.Build.0 = Debug|Any CPU
		{0EEFF7D3-0C4E-49E3-B77E-937AB12B2032}.Release|Any CPU.ActiveCfg = Release|Any CPU
		{0EEFF7D3-0C4E-49E3-B77E-937AB12B2032}.Release|Any CPU.Build.0 = Release|Any CPU
		{0EEFF7D3-0C4E-49E3-B77E-937AB12B2032}.Release|x64.ActiveCfg = Release|Any CPU
		{0EEFF7D3-0C4E-49E3-B77E-937AB12B2032}.Release|x64.Build.0 = Release|Any CPU
		{0EEFF7D3-0C4E-49E3-B77E-937AB12B2032}.Release|x86.ActiveCfg = Release|Any CPU
		{0EEFF7D3-0C4E-49E3-B77E-937AB12B2032}.Release|x86.Build.0 = Release|Any CPU
		{9F06208A-BBF0-4C0C-B128-92380E0F2E51}.Debug|Any CPU.ActiveCfg = Debug|Any CPU
		{9F06208A-BBF0-4C0C-B128-92380E0F2E51}.Debug|Any CPU.Build.0 = Debug|Any CPU
		{9F06208A-BBF0-4C0C-B128-92380E0F2E51}.Debug|x64.ActiveCfg = Debug|Any CPU
		{9F06208A-BBF0-4C0C-B128-92380E0F2E51}.Debug|x64.Build.0 = Debug|Any CPU
		{9F06208A-BBF0-4C0C-B128-92380E0F2E51}.Debug|x86.ActiveCfg = Debug|Any CPU
		{9F06208A-BBF0-4C0C-B128-92380E0F2E51}.Debug|x86.Build.0 = Debug|Any CPU
		{9F06208A-BBF0-4C0C-B128-92380E0F2E51}.Release|Any CPU.ActiveCfg = Release|Any CPU
		{9F06208A-BBF0-4C0C-B128-92380E0F2E51}.Release|Any CPU.Build.0 = Release|Any CPU
		{9F06208A-BBF0-4C0C-B128-92380E0F2E51}.Release|x64.ActiveCfg = Release|Any CPU
		{9F06208A-BBF0-4C0C-B128-92380E0F2E51}.Release|x64.Build.0 = Release|Any CPU
		{9F06208A-BBF0-4C0C-B128-92380E0F2E51}.Release|x86.ActiveCfg = Release|Any CPU
		{9F06208A-BBF0-4C0C-B128-92380E0F2E51}.Release|x86.Build.0 = Release|Any CPU
		{6D1CC483-571A-4D32-95B7-BAAA3F06EDB3}.Debug|Any CPU.ActiveCfg = Debug|Any CPU
		{6D1CC483-571A-4D32-95B7-BAAA3F06EDB3}.Debug|Any CPU.Build.0 = Debug|Any CPU
		{6D1CC483-571A-4D32-95B7-BAAA3F06EDB3}.Debug|x64.ActiveCfg = Debug|Any CPU
		{6D1CC483-571A-4D32-95B7-BAAA3F06EDB3}.Debug|x64.Build.0 = Debug|Any CPU
		{6D1CC483-571A-4D32-95B7-BAAA3F06EDB3}.Debug|x86.ActiveCfg = Debug|Any CPU
		{6D1CC483-571A-4D32-95B7-BAAA3F06EDB3}.Debug|x86.Build.0 = Debug|Any CPU
		{6D1CC483-571A-4D32-95B7-BAAA3F06EDB3}.Release|Any CPU.ActiveCfg = Release|Any CPU
		{6D1CC483-571A-4D32-95B7-BAAA3F06EDB3}.Release|Any CPU.Build.0 = Release|Any CPU
		{6D1CC483-571A-4D32-95B7-BAAA3F06EDB3}.Release|x64.ActiveCfg = Release|Any CPU
		{6D1CC483-571A-4D32-95B7-BAAA3F06EDB3}.Release|x64.Build.0 = Release|Any CPU
		{6D1CC483-571A-4D32-95B7-BAAA3F06EDB3}.Release|x86.ActiveCfg = Release|Any CPU
		{6D1CC483-571A-4D32-95B7-BAAA3F06EDB3}.Release|x86.Build.0 = Release|Any CPU
		{B36E83F9-139C-44D1-BAAA-3B4AFFF12BCB}.Debug|Any CPU.ActiveCfg = Debug|Any CPU
		{B36E83F9-139C-44D1-BAAA-3B4AFFF12BCB}.Debug|Any CPU.Build.0 = Debug|Any CPU
		{B36E83F9-139C-44D1-BAAA-3B4AFFF12BCB}.Debug|x64.ActiveCfg = Debug|Any CPU
		{B36E83F9-139C-44D1-BAAA-3B4AFFF12BCB}.Debug|x64.Build.0 = Debug|Any CPU
		{B36E83F9-139C-44D1-BAAA-3B4AFFF12BCB}.Debug|x86.ActiveCfg = Debug|Any CPU
		{B36E83F9-139C-44D1-BAAA-3B4AFFF12BCB}.Debug|x86.Build.0 = Debug|Any CPU
		{B36E83F9-139C-44D1-BAAA-3B4AFFF12BCB}.Release|Any CPU.ActiveCfg = Release|Any CPU
		{B36E83F9-139C-44D1-BAAA-3B4AFFF12BCB}.Release|Any CPU.Build.0 = Release|Any CPU
		{B36E83F9-139C-44D1-BAAA-3B4AFFF12BCB}.Release|x64.ActiveCfg = Release|Any CPU
		{B36E83F9-139C-44D1-BAAA-3B4AFFF12BCB}.Release|x64.Build.0 = Release|Any CPU
		{B36E83F9-139C-44D1-BAAA-3B4AFFF12BCB}.Release|x86.ActiveCfg = Release|Any CPU
		{B36E83F9-139C-44D1-BAAA-3B4AFFF12BCB}.Release|x86.Build.0 = Release|Any CPU
		{6CAB0F32-8F19-4CB0-BEAC-AA3B5529BFAB}.Debug|Any CPU.ActiveCfg = Debug|Any CPU
		{6CAB0F32-8F19-4CB0-BEAC-AA3B5529BFAB}.Debug|Any CPU.Build.0 = Debug|Any CPU
		{6CAB0F32-8F19-4CB0-BEAC-AA3B5529BFAB}.Debug|x64.ActiveCfg = Debug|Any CPU
		{6CAB0F32-8F19-4CB0-BEAC-AA3B5529BFAB}.Debug|x64.Build.0 = Debug|Any CPU
		{6CAB0F32-8F19-4CB0-BEAC-AA3B5529BFAB}.Debug|x86.ActiveCfg = Debug|Any CPU
		{6CAB0F32-8F19-4CB0-BEAC-AA3B5529BFAB}.Debug|x86.Build.0 = Debug|Any CPU
		{6CAB0F32-8F19-4CB0-BEAC-AA3B5529BFAB}.Release|Any CPU.ActiveCfg = Release|Any CPU
		{6CAB0F32-8F19-4CB0-BEAC-AA3B5529BFAB}.Release|Any CPU.Build.0 = Release|Any CPU
		{6CAB0F32-8F19-4CB0-BEAC-AA3B5529BFAB}.Release|x64.ActiveCfg = Release|Any CPU
		{6CAB0F32-8F19-4CB0-BEAC-AA3B5529BFAB}.Release|x64.Build.0 = Release|Any CPU
		{6CAB0F32-8F19-4CB0-BEAC-AA3B5529BFAB}.Release|x86.ActiveCfg = Release|Any CPU
		{6CAB0F32-8F19-4CB0-BEAC-AA3B5529BFAB}.Release|x86.Build.0 = Release|Any CPU
		{4B741B26-EE43-4E06-9DDD-FFDF0D8F200D}.Debug|Any CPU.ActiveCfg = Debug|Any CPU
		{4B741B26-EE43-4E06-9DDD-FFDF0D8F200D}.Debug|Any CPU.Build.0 = Debug|Any CPU
		{4B741B26-EE43-4E06-9DDD-FFDF0D8F200D}.Debug|x64.ActiveCfg = Debug|Any CPU
		{4B741B26-EE43-4E06-9DDD-FFDF0D8F200D}.Debug|x64.Build.0 = Debug|Any CPU
		{4B741B26-EE43-4E06-9DDD-FFDF0D8F200D}.Debug|x86.ActiveCfg = Debug|Any CPU
		{4B741B26-EE43-4E06-9DDD-FFDF0D8F200D}.Debug|x86.Build.0 = Debug|Any CPU
		{4B741B26-EE43-4E06-9DDD-FFDF0D8F200D}.Release|Any CPU.ActiveCfg = Release|Any CPU
		{4B741B26-EE43-4E06-9DDD-FFDF0D8F200D}.Release|Any CPU.Build.0 = Release|Any CPU
		{4B741B26-EE43-4E06-9DDD-FFDF0D8F200D}.Release|x64.ActiveCfg = Release|Any CPU
		{4B741B26-EE43-4E06-9DDD-FFDF0D8F200D}.Release|x64.Build.0 = Release|Any CPU
		{4B741B26-EE43-4E06-9DDD-FFDF0D8F200D}.Release|x86.ActiveCfg = Release|Any CPU
		{4B741B26-EE43-4E06-9DDD-FFDF0D8F200D}.Release|x86.Build.0 = Release|Any CPU
		{25908CD5-36BA-4904-8088-A3CF07C72C8E}.Debug|Any CPU.ActiveCfg = Debug|Any CPU
		{25908CD5-36BA-4904-8088-A3CF07C72C8E}.Debug|Any CPU.Build.0 = Debug|Any CPU
		{25908CD5-36BA-4904-8088-A3CF07C72C8E}.Debug|x64.ActiveCfg = Debug|Any CPU
		{25908CD5-36BA-4904-8088-A3CF07C72C8E}.Debug|x64.Build.0 = Debug|Any CPU
		{25908CD5-36BA-4904-8088-A3CF07C72C8E}.Debug|x86.ActiveCfg = Debug|Any CPU
		{25908CD5-36BA-4904-8088-A3CF07C72C8E}.Debug|x86.Build.0 = Debug|Any CPU
		{25908CD5-36BA-4904-8088-A3CF07C72C8E}.Release|Any CPU.ActiveCfg = Release|Any CPU
		{25908CD5-36BA-4904-8088-A3CF07C72C8E}.Release|Any CPU.Build.0 = Release|Any CPU
		{25908CD5-36BA-4904-8088-A3CF07C72C8E}.Release|x64.ActiveCfg = Release|Any CPU
		{25908CD5-36BA-4904-8088-A3CF07C72C8E}.Release|x64.Build.0 = Release|Any CPU
		{25908CD5-36BA-4904-8088-A3CF07C72C8E}.Release|x86.ActiveCfg = Release|Any CPU
		{25908CD5-36BA-4904-8088-A3CF07C72C8E}.Release|x86.Build.0 = Release|Any CPU
		{B231DB28-3CFD-4C5D-A944-8F8DE10AA872}.Debug|Any CPU.ActiveCfg = Debug|Any CPU
		{B231DB28-3CFD-4C5D-A944-8F8DE10AA872}.Debug|Any CPU.Build.0 = Debug|Any CPU
		{B231DB28-3CFD-4C5D-A944-8F8DE10AA872}.Debug|x64.ActiveCfg = Debug|Any CPU
		{B231DB28-3CFD-4C5D-A944-8F8DE10AA872}.Debug|x64.Build.0 = Debug|Any CPU
		{B231DB28-3CFD-4C5D-A944-8F8DE10AA872}.Debug|x86.ActiveCfg = Debug|Any CPU
		{B231DB28-3CFD-4C5D-A944-8F8DE10AA872}.Debug|x86.Build.0 = Debug|Any CPU
		{B231DB28-3CFD-4C5D-A944-8F8DE10AA872}.Release|Any CPU.ActiveCfg = Release|Any CPU
		{B231DB28-3CFD-4C5D-A944-8F8DE10AA872}.Release|Any CPU.Build.0 = Release|Any CPU
		{B231DB28-3CFD-4C5D-A944-8F8DE10AA872}.Release|x64.ActiveCfg = Release|Any CPU
		{B231DB28-3CFD-4C5D-A944-8F8DE10AA872}.Release|x64.Build.0 = Release|Any CPU
		{B231DB28-3CFD-4C5D-A944-8F8DE10AA872}.Release|x86.ActiveCfg = Release|Any CPU
		{B231DB28-3CFD-4C5D-A944-8F8DE10AA872}.Release|x86.Build.0 = Release|Any CPU
		{3D491F46-AB05-4EA6-A0C0-2C1724D108A0}.Debug|Any CPU.ActiveCfg = Debug|Any CPU
		{3D491F46-AB05-4EA6-A0C0-2C1724D108A0}.Debug|Any CPU.Build.0 = Debug|Any CPU
		{3D491F46-AB05-4EA6-A0C0-2C1724D108A0}.Debug|x64.ActiveCfg = Debug|Any CPU
		{3D491F46-AB05-4EA6-A0C0-2C1724D108A0}.Debug|x64.Build.0 = Debug|Any CPU
		{3D491F46-AB05-4EA6-A0C0-2C1724D108A0}.Debug|x86.ActiveCfg = Debug|Any CPU
		{3D491F46-AB05-4EA6-A0C0-2C1724D108A0}.Debug|x86.Build.0 = Debug|Any CPU
		{3D491F46-AB05-4EA6-A0C0-2C1724D108A0}.Release|Any CPU.ActiveCfg = Release|Any CPU
		{3D491F46-AB05-4EA6-A0C0-2C1724D108A0}.Release|Any CPU.Build.0 = Release|Any CPU
		{3D491F46-AB05-4EA6-A0C0-2C1724D108A0}.Release|x64.ActiveCfg = Release|Any CPU
		{3D491F46-AB05-4EA6-A0C0-2C1724D108A0}.Release|x64.Build.0 = Release|Any CPU
		{3D491F46-AB05-4EA6-A0C0-2C1724D108A0}.Release|x86.ActiveCfg = Release|Any CPU
		{3D491F46-AB05-4EA6-A0C0-2C1724D108A0}.Release|x86.Build.0 = Release|Any CPU
		{41783CA2-EFED-41AA-A4C7-BD474769C430}.Debug|Any CPU.ActiveCfg = Debug|Any CPU
		{41783CA2-EFED-41AA-A4C7-BD474769C430}.Debug|Any CPU.Build.0 = Debug|Any CPU
		{41783CA2-EFED-41AA-A4C7-BD474769C430}.Debug|x64.ActiveCfg = Debug|Any CPU
		{41783CA2-EFED-41AA-A4C7-BD474769C430}.Debug|x64.Build.0 = Debug|Any CPU
		{41783CA2-EFED-41AA-A4C7-BD474769C430}.Debug|x86.ActiveCfg = Debug|Any CPU
		{41783CA2-EFED-41AA-A4C7-BD474769C430}.Debug|x86.Build.0 = Debug|Any CPU
		{41783CA2-EFED-41AA-A4C7-BD474769C430}.Release|Any CPU.ActiveCfg = Release|Any CPU
		{41783CA2-EFED-41AA-A4C7-BD474769C430}.Release|Any CPU.Build.0 = Release|Any CPU
		{41783CA2-EFED-41AA-A4C7-BD474769C430}.Release|x64.ActiveCfg = Release|Any CPU
		{41783CA2-EFED-41AA-A4C7-BD474769C430}.Release|x64.Build.0 = Release|Any CPU
		{41783CA2-EFED-41AA-A4C7-BD474769C430}.Release|x86.ActiveCfg = Release|Any CPU
		{41783CA2-EFED-41AA-A4C7-BD474769C430}.Release|x86.Build.0 = Release|Any CPU
	EndGlobalSection
	GlobalSection(SolutionProperties) = preSolution
		HideSolutionNode = FALSE
	EndGlobalSection
	GlobalSection(NestedProjects) = preSolution
		{80CDA3B0-6152-4596-9E6C-1595E8835C59} = {A5883EDE-5C9E-46EA-BC24-76FDA8849DEF}
		{328FCB9C-79AA-44C2-8F64-8294254AAD05} = {A5883EDE-5C9E-46EA-BC24-76FDA8849DEF}
		{29D719C4-CE4C-425E-8389-34FE1BA10E43} = {A5883EDE-5C9E-46EA-BC24-76FDA8849DEF}
		{0EEFF7D3-0C4E-49E3-B77E-937AB12B2032} = {EEE085BF-87D5-49BB-A1ED-76BE1B62E9FE}
		{EEE085BF-87D5-49BB-A1ED-76BE1B62E9FE} = {8B301FA8-CDBF-48E4-9CF6-7B89F5501150}
		{9F06208A-BBF0-4C0C-B128-92380E0F2E51} = {EEE085BF-87D5-49BB-A1ED-76BE1B62E9FE}
		{6D1CC483-571A-4D32-95B7-BAAA3F06EDB3} = {EEE085BF-87D5-49BB-A1ED-76BE1B62E9FE}
		{B36E83F9-139C-44D1-BAAA-3B4AFFF12BCB} = {EEE085BF-87D5-49BB-A1ED-76BE1B62E9FE}
		{6CAB0F32-8F19-4CB0-BEAC-AA3B5529BFAB} = {EEE085BF-87D5-49BB-A1ED-76BE1B62E9FE}
		{4B741B26-EE43-4E06-9DDD-FFDF0D8F200D} = {EEE085BF-87D5-49BB-A1ED-76BE1B62E9FE}
		{25908CD5-36BA-4904-8088-A3CF07C72C8E} = {EEE085BF-87D5-49BB-A1ED-76BE1B62E9FE}
		{B231DB28-3CFD-4C5D-A944-8F8DE10AA872} = {EEE085BF-87D5-49BB-A1ED-76BE1B62E9FE}
		{3D491F46-AB05-4EA6-A0C0-2C1724D108A0} = {EEE085BF-87D5-49BB-A1ED-76BE1B62E9FE}
		{41783CA2-EFED-41AA-A4C7-BD474769C430} = {EEE085BF-87D5-49BB-A1ED-76BE1B62E9FE}
	EndGlobalSection
	GlobalSection(ExtensibilityGlobals) = postSolution
		SolutionGuid = {6BC83EBC-009F-4BD3-AF28-78F1B3EF38C4}
	EndGlobalSection
EndGlobal
