
Microsoft Visual Studio Solution File, Format Version 12.00
# Visual Studio Version 16
VisualStudioVersion = 16.0.30717.126
MinimumVisualStudioVersion = 10.0.40219.1
Project("{FAE04EC0-301F-11D3-BF4B-00C04F79EFBC}") = "BindingsGenerator", "BindingsGenerator\BindingsGenerator.csproj", "{80CDA3B0-6152-4596-9E6C-1595E8835C59}"
EndProject
Project("{2150E333-8FDC-42A3-9474-1A3956D46DE8}") = "Tools", "Tools", "{A5883EDE-5C9E-46EA-BC24-76FDA8849DEF}"
EndProject
Project("{9A19103F-16F7-4668-BE54-9A1E7A4F7556}") = "VesselAssetProcessor", "VesselAssetProcessor\VesselAssetProcessor.csproj", "{328FCB9C-79AA-44C2-8F64-8294254AAD05}"
EndProject
Project("{2150E333-8FDC-42A3-9474-1A3956D46DE8}") = "Veldrid", "Veldrid", "{F7180684-30CD-4D6B-B3F1-26FE1D6E2589}"
EndProject
Project("{9A19103F-16F7-4668-BE54-9A1E7A4F7556}") = "Veldrid", "Veldrid\Veldrid\Veldrid.csproj", "{B74BB6DC-B2AD-450F-B9F7-C715A6A41DE7}"
EndProject
Project("{9A19103F-16F7-4668-BE54-9A1E7A4F7556}") = "Veldrid.ImageSharp", "Veldrid\Veldrid.ImageSharp\Veldrid.ImageSharp.csproj", "{6F50FE2C-9E12-484D-A05F-68CE11BDBEED}"
EndProject
Project("{9A19103F-16F7-4668-BE54-9A1E7A4F7556}") = "Veldrid.ImGui", "Veldrid\Veldrid.ImGui\Veldrid.ImGui.csproj", "{17FF1CED-8161-4C85-9183-CE4206C220FC}"
EndProject
Project("{9A19103F-16F7-4668-BE54-9A1E7A4F7556}") = "Veldrid.MetalBindings", "Veldrid\Veldrid.MetalBindings\Veldrid.MetalBindings.csproj", "{07810AC1-5F23-4259-B3A8-7A137AF8CC11}"
EndProject
Project("{9A19103F-16F7-4668-BE54-9A1E7A4F7556}") = "Veldrid.OpenGLBindings", "Veldrid\Veldrid.OpenGLBindings\Veldrid.OpenGLBindings.csproj", "{10F051D3-C0D9-4A38-A1BF-BFD8355C470E}"
EndProject
Project("{9A19103F-16F7-4668-BE54-9A1E7A4F7556}") = "Veldrid.RenderDoc", "Veldrid\Veldrid.RenderDoc\Veldrid.RenderDoc.csproj", "{C7296C91-CD15-4DE3-A1CA-E94377107398}"
EndProject
Project("{9A19103F-16F7-4668-BE54-9A1E7A4F7556}") = "Veldrid.SDL2", "Veldrid\Veldrid.SDL2\Veldrid.SDL2.csproj", "{3A30F1C9-8F10-4E44-A66E-7D5C0944F8D2}"
EndProject
Project("{9A19103F-16F7-4668-BE54-9A1E7A4F7556}") = "Veldrid.StartupUtilities", "Veldrid\Veldrid.StartupUtilities\Veldrid.StartupUtilities.csproj", "{889C0EF6-8D38-4910-9626-5EF90CD5CF40}"
EndProject
Project("{9A19103F-16F7-4668-BE54-9A1E7A4F7556}") = "Veldrid.Utilities", "Veldrid\Veldrid.Utilities\Veldrid.Utilities.csproj", "{F8DF39C8-334A-42CD-AD5A-0399E30FD879}"
EndProject
Project("{9A19103F-16F7-4668-BE54-9A1E7A4F7556}") = "Veldrid.VirtualReality", "Veldrid\Veldrid.VirtualReality\Veldrid.VirtualReality.csproj", "{C660A46C-4A02-4391-854B-8C4BBE6BAA8C}"
EndProject
Project("{FAE04EC0-301F-11D3-BF4B-00C04F79EFBC}") = "VesselSandbox", "VesselSandbox\VesselSandbox.csproj", "{411B7744-014A-460D-BE77-DEB16C89DD3F}"
EndProject
Project("{FAE04EC0-301F-11D3-BF4B-00C04F79EFBC}") = "Vessel", "Vessel\Vessel.csproj", "{970F562F-9442-4499-86B2-CF2900F5FF41}"
EndProject
Global
	GlobalSection(SolutionConfigurationPlatforms) = preSolution
		Debug|Any CPU = Debug|Any CPU
		Debug|x64 = Debug|x64
		Debug|x86 = Debug|x86
		Release|Any CPU = Release|Any CPU
		Release|x64 = Release|x64
		Release|x86 = Release|x86
	EndGlobalSection
	GlobalSection(ProjectConfigurationPlatforms) = postSolution
		{80CDA3B0-6152-4596-9E6C-1595E8835C59}.Debug|Any CPU.ActiveCfg = Debug|Any CPU
		{80CDA3B0-6152-4596-9E6C-1595E8835C59}.Debug|x64.ActiveCfg = Debug|x64
		{80CDA3B0-6152-4596-9E6C-1595E8835C59}.Debug|x86.ActiveCfg = Debug|x86
		{80CDA3B0-6152-4596-9E6C-1595E8835C59}.Release|Any CPU.ActiveCfg = Release|Any CPU
		{80CDA3B0-6152-4596-9E6C-1595E8835C59}.Release|x64.ActiveCfg = Release|x64
		{80CDA3B0-6152-4596-9E6C-1595E8835C59}.Release|x86.ActiveCfg = Release|x86
		{328FCB9C-79AA-44C2-8F64-8294254AAD05}.Debug|Any CPU.ActiveCfg = Debug|Any CPU
		{328FCB9C-79AA-44C2-8F64-8294254AAD05}.Debug|Any CPU.Build.0 = Debug|Any CPU
		{328FCB9C-79AA-44C2-8F64-8294254AAD05}.Debug|x64.ActiveCfg = Debug|x64
		{328FCB9C-79AA-44C2-8F64-8294254AAD05}.Debug|x64.Build.0 = Debug|x64
		{328FCB9C-79AA-44C2-8F64-8294254AAD05}.Debug|x86.ActiveCfg = Debug|x86
		{328FCB9C-79AA-44C2-8F64-8294254AAD05}.Debug|x86.Build.0 = Debug|x86
		{328FCB9C-79AA-44C2-8F64-8294254AAD05}.Release|Any CPU.ActiveCfg = Release|Any CPU
		{328FCB9C-79AA-44C2-8F64-8294254AAD05}.Release|Any CPU.Build.0 = Release|Any CPU
		{328FCB9C-79AA-44C2-8F64-8294254AAD05}.Release|x64.ActiveCfg = Release|x64
		{328FCB9C-79AA-44C2-8F64-8294254AAD05}.Release|x64.Build.0 = Release|x64
		{328FCB9C-79AA-44C2-8F64-8294254AAD05}.Release|x86.ActiveCfg = Release|x86
		{328FCB9C-79AA-44C2-8F64-8294254AAD05}.Release|x86.Build.0 = Release|x86
		{B74BB6DC-B2AD-450F-B9F7-C715A6A41DE7}.Debug|Any CPU.ActiveCfg = Debug|Any CPU
		{B74BB6DC-B2AD-450F-B9F7-C715A6A41DE7}.Debug|Any CPU.Build.0 = Debug|Any CPU
		{B74BB6DC-B2AD-450F-B9F7-C715A6A41DE7}.Debug|x64.ActiveCfg = Debug|x64
		{B74BB6DC-B2AD-450F-B9F7-C715A6A41DE7}.Debug|x64.Build.0 = Debug|x64
		{B74BB6DC-B2AD-450F-B9F7-C715A6A41DE7}.Debug|x86.ActiveCfg = Debug|x86
		{B74BB6DC-B2AD-450F-B9F7-C715A6A41DE7}.Debug|x86.Build.0 = Debug|x86
		{B74BB6DC-B2AD-450F-B9F7-C715A6A41DE7}.Release|Any CPU.ActiveCfg = Release|Any CPU
		{B74BB6DC-B2AD-450F-B9F7-C715A6A41DE7}.Release|Any CPU.Build.0 = Release|Any CPU
		{B74BB6DC-B2AD-450F-B9F7-C715A6A41DE7}.Release|x64.ActiveCfg = Release|x64
		{B74BB6DC-B2AD-450F-B9F7-C715A6A41DE7}.Release|x64.Build.0 = Release|x64
		{B74BB6DC-B2AD-450F-B9F7-C715A6A41DE7}.Release|x86.ActiveCfg = Release|x86
		{B74BB6DC-B2AD-450F-B9F7-C715A6A41DE7}.Release|x86.Build.0 = Release|x86
		{6F50FE2C-9E12-484D-A05F-68CE11BDBEED}.Debug|Any CPU.ActiveCfg = Debug|Any CPU
		{6F50FE2C-9E12-484D-A05F-68CE11BDBEED}.Debug|Any CPU.Build.0 = Debug|Any CPU
		{6F50FE2C-9E12-484D-A05F-68CE11BDBEED}.Debug|x64.ActiveCfg = Debug|x64
		{6F50FE2C-9E12-484D-A05F-68CE11BDBEED}.Debug|x64.Build.0 = Debug|x64
		{6F50FE2C-9E12-484D-A05F-68CE11BDBEED}.Debug|x86.ActiveCfg = Debug|x86
		{6F50FE2C-9E12-484D-A05F-68CE11BDBEED}.Debug|x86.Build.0 = Debug|x86
		{6F50FE2C-9E12-484D-A05F-68CE11BDBEED}.Release|Any CPU.ActiveCfg = Release|Any CPU
		{6F50FE2C-9E12-484D-A05F-68CE11BDBEED}.Release|Any CPU.Build.0 = Release|Any CPU
		{6F50FE2C-9E12-484D-A05F-68CE11BDBEED}.Release|x64.ActiveCfg = Release|x64
		{6F50FE2C-9E12-484D-A05F-68CE11BDBEED}.Release|x64.Build.0 = Release|x64
		{6F50FE2C-9E12-484D-A05F-68CE11BDBEED}.Release|x86.ActiveCfg = Release|x86
		{6F50FE2C-9E12-484D-A05F-68CE11BDBEED}.Release|x86.Build.0 = Release|x86
		{17FF1CED-8161-4C85-9183-CE4206C220FC}.Debug|Any CPU.ActiveCfg = Debug|Any CPU
		{17FF1CED-8161-4C85-9183-CE4206C220FC}.Debug|Any CPU.Build.0 = Debug|Any CPU
		{17FF1CED-8161-4C85-9183-CE4206C220FC}.Debug|x64.ActiveCfg = Debug|x64
		{17FF1CED-8161-4C85-9183-CE4206C220FC}.Debug|x64.Build.0 = Debug|x64
		{17FF1CED-8161-4C85-9183-CE4206C220FC}.Debug|x86.ActiveCfg = Debug|x86
		{17FF1CED-8161-4C85-9183-CE4206C220FC}.Debug|x86.Build.0 = Debug|x86
		{17FF1CED-8161-4C85-9183-CE4206C220FC}.Release|Any CPU.ActiveCfg = Release|Any CPU
		{17FF1CED-8161-4C85-9183-CE4206C220FC}.Release|Any CPU.Build.0 = Release|Any CPU
		{17FF1CED-8161-4C85-9183-CE4206C220FC}.Release|x64.ActiveCfg = Release|x64
		{17FF1CED-8161-4C85-9183-CE4206C220FC}.Release|x64.Build.0 = Release|x64
		{17FF1CED-8161-4C85-9183-CE4206C220FC}.Release|x86.ActiveCfg = Release|x86
		{17FF1CED-8161-4C85-9183-CE4206C220FC}.Release|x86.Build.0 = Release|x86
		{07810AC1-5F23-4259-B3A8-7A137AF8CC11}.Debug|Any CPU.ActiveCfg = Debug|Any CPU
		{07810AC1-5F23-4259-B3A8-7A137AF8CC11}.Debug|Any CPU.Build.0 = Debug|Any CPU
		{07810AC1-5F23-4259-B3A8-7A137AF8CC11}.Debug|x64.ActiveCfg = Debug|x64
		{07810AC1-5F23-4259-B3A8-7A137AF8CC11}.Debug|x64.Build.0 = Debug|x64
		{07810AC1-5F23-4259-B3A8-7A137AF8CC11}.Debug|x86.ActiveCfg = Debug|x86
		{07810AC1-5F23-4259-B3A8-7A137AF8CC11}.Debug|x86.Build.0 = Debug|x86
		{07810AC1-5F23-4259-B3A8-7A137AF8CC11}.Release|Any CPU.ActiveCfg = Release|Any CPU
		{07810AC1-5F23-4259-B3A8-7A137AF8CC11}.Release|Any CPU.Build.0 = Release|Any CPU
		{07810AC1-5F23-4259-B3A8-7A137AF8CC11}.Release|x64.ActiveCfg = Release|x64
		{07810AC1-5F23-4259-B3A8-7A137AF8CC11}.Release|x64.Build.0 = Release|x64
		{07810AC1-5F23-4259-B3A8-7A137AF8CC11}.Release|x86.ActiveCfg = Release|x86
		{07810AC1-5F23-4259-B3A8-7A137AF8CC11}.Release|x86.Build.0 = Release|x86
		{10F051D3-C0D9-4A38-A1BF-BFD8355C470E}.Debug|Any CPU.ActiveCfg = Debug|Any CPU
		{10F051D3-C0D9-4A38-A1BF-BFD8355C470E}.Debug|Any CPU.Build.0 = Debug|Any CPU
		{10F051D3-C0D9-4A38-A1BF-BFD8355C470E}.Debug|x64.ActiveCfg = Debug|x64
		{10F051D3-C0D9-4A38-A1BF-BFD8355C470E}.Debug|x64.Build.0 = Debug|x64
		{10F051D3-C0D9-4A38-A1BF-BFD8355C470E}.Debug|x86.ActiveCfg = Debug|x86
		{10F051D3-C0D9-4A38-A1BF-BFD8355C470E}.Debug|x86.Build.0 = Debug|x86
		{10F051D3-C0D9-4A38-A1BF-BFD8355C470E}.Release|Any CPU.ActiveCfg = Release|Any CPU
		{10F051D3-C0D9-4A38-A1BF-BFD8355C470E}.Release|Any CPU.Build.0 = Release|Any CPU
		{10F051D3-C0D9-4A38-A1BF-BFD8355C470E}.Release|x64.ActiveCfg = Release|x64
		{10F051D3-C0D9-4A38-A1BF-BFD8355C470E}.Release|x64.Build.0 = Release|x64
		{10F051D3-C0D9-4A38-A1BF-BFD8355C470E}.Release|x86.ActiveCfg = Release|x86
		{10F051D3-C0D9-4A38-A1BF-BFD8355C470E}.Release|x86.Build.0 = Release|x86
		{C7296C91-CD15-4DE3-A1CA-E94377107398}.Debug|Any CPU.ActiveCfg = Debug|Any CPU
		{C7296C91-CD15-4DE3-A1CA-E94377107398}.Debug|Any CPU.Build.0 = Debug|Any CPU
		{C7296C91-CD15-4DE3-A1CA-E94377107398}.Debug|x64.ActiveCfg = Debug|x64
		{C7296C91-CD15-4DE3-A1CA-E94377107398}.Debug|x64.Build.0 = Debug|x64
		{C7296C91-CD15-4DE3-A1CA-E94377107398}.Debug|x86.ActiveCfg = Debug|x86
		{C7296C91-CD15-4DE3-A1CA-E94377107398}.Debug|x86.Build.0 = Debug|x86
		{C7296C91-CD15-4DE3-A1CA-E94377107398}.Release|Any CPU.ActiveCfg = Release|Any CPU
		{C7296C91-CD15-4DE3-A1CA-E94377107398}.Release|Any CPU.Build.0 = Release|Any CPU
		{C7296C91-CD15-4DE3-A1CA-E94377107398}.Release|x64.ActiveCfg = Release|x64
		{C7296C91-CD15-4DE3-A1CA-E94377107398}.Release|x64.Build.0 = Release|x64
		{C7296C91-CD15-4DE3-A1CA-E94377107398}.Release|x86.ActiveCfg = Release|x86
		{C7296C91-CD15-4DE3-A1CA-E94377107398}.Release|x86.Build.0 = Release|x86
		{3A30F1C9-8F10-4E44-A66E-7D5C0944F8D2}.Debug|Any CPU.ActiveCfg = Debug|Any CPU
		{3A30F1C9-8F10-4E44-A66E-7D5C0944F8D2}.Debug|Any CPU.Build.0 = Debug|Any CPU
		{3A30F1C9-8F10-4E44-A66E-7D5C0944F8D2}.Debug|x64.ActiveCfg = Debug|x64
		{3A30F1C9-8F10-4E44-A66E-7D5C0944F8D2}.Debug|x64.Build.0 = Debug|x64
		{3A30F1C9-8F10-4E44-A66E-7D5C0944F8D2}.Debug|x86.ActiveCfg = Debug|x86
		{3A30F1C9-8F10-4E44-A66E-7D5C0944F8D2}.Debug|x86.Build.0 = Debug|x86
		{3A30F1C9-8F10-4E44-A66E-7D5C0944F8D2}.Release|Any CPU.ActiveCfg = Release|Any CPU
		{3A30F1C9-8F10-4E44-A66E-7D5C0944F8D2}.Release|Any CPU.Build.0 = Release|Any CPU
		{3A30F1C9-8F10-4E44-A66E-7D5C0944F8D2}.Release|x64.ActiveCfg = Release|x64
		{3A30F1C9-8F10-4E44-A66E-7D5C0944F8D2}.Release|x64.Build.0 = Release|x64
		{3A30F1C9-8F10-4E44-A66E-7D5C0944F8D2}.Release|x86.ActiveCfg = Release|x86
		{3A30F1C9-8F10-4E44-A66E-7D5C0944F8D2}.Release|x86.Build.0 = Release|x86
		{889C0EF6-8D38-4910-9626-5EF90CD5CF40}.Debug|Any CPU.ActiveCfg = Debug|Any CPU
		{889C0EF6-8D38-4910-9626-5EF90CD5CF40}.Debug|Any CPU.Build.0 = Debug|Any CPU
		{889C0EF6-8D38-4910-9626-5EF90CD5CF40}.Debug|x64.ActiveCfg = Debug|x64
		{889C0EF6-8D38-4910-9626-5EF90CD5CF40}.Debug|x64.Build.0 = Debug|x64
		{889C0EF6-8D38-4910-9626-5EF90CD5CF40}.Debug|x86.ActiveCfg = Debug|x86
		{889C0EF6-8D38-4910-9626-5EF90CD5CF40}.Debug|x86.Build.0 = Debug|x86
		{889C0EF6-8D38-4910-9626-5EF90CD5CF40}.Release|Any CPU.ActiveCfg = Release|Any CPU
		{889C0EF6-8D38-4910-9626-5EF90CD5CF40}.Release|Any CPU.Build.0 = Release|Any CPU
		{889C0EF6-8D38-4910-9626-5EF90CD5CF40}.Release|x64.ActiveCfg = Release|x64
		{889C0EF6-8D38-4910-9626-5EF90CD5CF40}.Release|x64.Build.0 = Release|x64
		{889C0EF6-8D38-4910-9626-5EF90CD5CF40}.Release|x86.ActiveCfg = Release|x86
		{889C0EF6-8D38-4910-9626-5EF90CD5CF40}.Release|x86.Build.0 = Release|x86
		{F8DF39C8-334A-42CD-AD5A-0399E30FD879}.Debug|Any CPU.ActiveCfg = Debug|Any CPU
		{F8DF39C8-334A-42CD-AD5A-0399E30FD879}.Debug|Any CPU.Build.0 = Debug|Any CPU
		{F8DF39C8-334A-42CD-AD5A-0399E30FD879}.Debug|x64.ActiveCfg = Debug|x64
		{F8DF39C8-334A-42CD-AD5A-0399E30FD879}.Debug|x64.Build.0 = Debug|x64
		{F8DF39C8-334A-42CD-AD5A-0399E30FD879}.Debug|x86.ActiveCfg = Debug|x86
		{F8DF39C8-334A-42CD-AD5A-0399E30FD879}.Debug|x86.Build.0 = Debug|x86
		{F8DF39C8-334A-42CD-AD5A-0399E30FD879}.Release|Any CPU.ActiveCfg = Release|Any CPU
		{F8DF39C8-334A-42CD-AD5A-0399E30FD879}.Release|Any CPU.Build.0 = Release|Any CPU
		{F8DF39C8-334A-42CD-AD5A-0399E30FD879}.Release|x64.ActiveCfg = Release|x64
		{F8DF39C8-334A-42CD-AD5A-0399E30FD879}.Release|x64.Build.0 = Release|x64
		{F8DF39C8-334A-42CD-AD5A-0399E30FD879}.Release|x86.ActiveCfg = Release|x86
		{F8DF39C8-334A-42CD-AD5A-0399E30FD879}.Release|x86.Build.0 = Release|x86
		{C660A46C-4A02-4391-854B-8C4BBE6BAA8C}.Debug|Any CPU.ActiveCfg = Debug|Any CPU
		{C660A46C-4A02-4391-854B-8C4BBE6BAA8C}.Debug|Any CPU.Build.0 = Debug|Any CPU
		{C660A46C-4A02-4391-854B-8C4BBE6BAA8C}.Debug|x64.ActiveCfg = Debug|x64
		{C660A46C-4A02-4391-854B-8C4BBE6BAA8C}.Debug|x64.Build.0 = Debug|x64
		{C660A46C-4A02-4391-854B-8C4BBE6BAA8C}.Debug|x86.ActiveCfg = Debug|x86
		{C660A46C-4A02-4391-854B-8C4BBE6BAA8C}.Debug|x86.Build.0 = Debug|x86
		{C660A46C-4A02-4391-854B-8C4BBE6BAA8C}.Release|Any CPU.ActiveCfg = Release|Any CPU
		{C660A46C-4A02-4391-854B-8C4BBE6BAA8C}.Release|Any CPU.Build.0 = Release|Any CPU
		{C660A46C-4A02-4391-854B-8C4BBE6BAA8C}.Release|x64.ActiveCfg = Release|x64
		{C660A46C-4A02-4391-854B-8C4BBE6BAA8C}.Release|x64.Build.0 = Release|x64
		{C660A46C-4A02-4391-854B-8C4BBE6BAA8C}.Release|x86.ActiveCfg = Release|x86
		{C660A46C-4A02-4391-854B-8C4BBE6BAA8C}.Release|x86.Build.0 = Release|x86
		{411B7744-014A-460D-BE77-DEB16C89DD3F}.Debug|Any CPU.ActiveCfg = Debug|Any CPU
		{411B7744-014A-460D-BE77-DEB16C89DD3F}.Debug|Any CPU.Build.0 = Debug|Any CPU
		{411B7744-014A-460D-BE77-DEB16C89DD3F}.Debug|x64.ActiveCfg = Debug|Any CPU
		{411B7744-014A-460D-BE77-DEB16C89DD3F}.Debug|x64.Build.0 = Debug|Any CPU
		{411B7744-014A-460D-BE77-DEB16C89DD3F}.Debug|x86.ActiveCfg = Debug|x86
		{411B7744-014A-460D-BE77-DEB16C89DD3F}.Debug|x86.Build.0 = Debug|x86
		{411B7744-014A-460D-BE77-DEB16C89DD3F}.Release|Any CPU.ActiveCfg = Release|Any CPU
		{411B7744-014A-460D-BE77-DEB16C89DD3F}.Release|Any CPU.Build.0 = Release|Any CPU
		{411B7744-014A-460D-BE77-DEB16C89DD3F}.Release|x64.ActiveCfg = Release|x64
		{411B7744-014A-460D-BE77-DEB16C89DD3F}.Release|x64.Build.0 = Release|x64
		{411B7744-014A-460D-BE77-DEB16C89DD3F}.Release|x86.ActiveCfg = Release|x86
		{411B7744-014A-460D-BE77-DEB16C89DD3F}.Release|x86.Build.0 = Release|x86
		{970F562F-9442-4499-86B2-CF2900F5FF41}.Debug|Any CPU.ActiveCfg = Debug|Any CPU
		{970F562F-9442-4499-86B2-CF2900F5FF41}.Debug|Any CPU.Build.0 = Debug|Any CPU
		{970F562F-9442-4499-86B2-CF2900F5FF41}.Debug|x64.ActiveCfg = Debug|Any CPU
		{970F562F-9442-4499-86B2-CF2900F5FF41}.Debug|x64.Build.0 = Debug|Any CPU
		{970F562F-9442-4499-86B2-CF2900F5FF41}.Debug|x86.ActiveCfg = Debug|x86
		{970F562F-9442-4499-86B2-CF2900F5FF41}.Debug|x86.Build.0 = Debug|x86
		{970F562F-9442-4499-86B2-CF2900F5FF41}.Release|Any CPU.ActiveCfg = Release|Any CPU
		{970F562F-9442-4499-86B2-CF2900F5FF41}.Release|Any CPU.Build.0 = Release|Any CPU
		{970F562F-9442-4499-86B2-CF2900F5FF41}.Release|x64.ActiveCfg = Release|x64
		{970F562F-9442-4499-86B2-CF2900F5FF41}.Release|x64.Build.0 = Release|x64
		{970F562F-9442-4499-86B2-CF2900F5FF41}.Release|x86.ActiveCfg = Release|x86
		{970F562F-9442-4499-86B2-CF2900F5FF41}.Release|x86.Build.0 = Release|x86
	EndGlobalSection
	GlobalSection(SolutionProperties) = preSolution
		HideSolutionNode = FALSE
	EndGlobalSection
	GlobalSection(NestedProjects) = preSolution
		{80CDA3B0-6152-4596-9E6C-1595E8835C59} = {A5883EDE-5C9E-46EA-BC24-76FDA8849DEF}
		{328FCB9C-79AA-44C2-8F64-8294254AAD05} = {A5883EDE-5C9E-46EA-BC24-76FDA8849DEF}
		{B74BB6DC-B2AD-450F-B9F7-C715A6A41DE7} = {F7180684-30CD-4D6B-B3F1-26FE1D6E2589}
		{6F50FE2C-9E12-484D-A05F-68CE11BDBEED} = {F7180684-30CD-4D6B-B3F1-26FE1D6E2589}
		{17FF1CED-8161-4C85-9183-CE4206C220FC} = {F7180684-30CD-4D6B-B3F1-26FE1D6E2589}
		{07810AC1-5F23-4259-B3A8-7A137AF8CC11} = {F7180684-30CD-4D6B-B3F1-26FE1D6E2589}
		{10F051D3-C0D9-4A38-A1BF-BFD8355C470E} = {F7180684-30CD-4D6B-B3F1-26FE1D6E2589}
		{C7296C91-CD15-4DE3-A1CA-E94377107398} = {F7180684-30CD-4D6B-B3F1-26FE1D6E2589}
		{3A30F1C9-8F10-4E44-A66E-7D5C0944F8D2} = {F7180684-30CD-4D6B-B3F1-26FE1D6E2589}
		{889C0EF6-8D38-4910-9626-5EF90CD5CF40} = {F7180684-30CD-4D6B-B3F1-26FE1D6E2589}
		{F8DF39C8-334A-42CD-AD5A-0399E30FD879} = {F7180684-30CD-4D6B-B3F1-26FE1D6E2589}
		{C660A46C-4A02-4391-854B-8C4BBE6BAA8C} = {F7180684-30CD-4D6B-B3F1-26FE1D6E2589}
	EndGlobalSection
	GlobalSection(ExtensibilityGlobals) = postSolution
		SolutionGuid = {6BC83EBC-009F-4BD3-AF28-78F1B3EF38C4}
	EndGlobalSection
EndGlobal
